
Microsoft Visual Studio Solution File, Format Version 12.00
# Visual Studio Version 16
VisualStudioVersion = 16.0.31205.134
MinimumVisualStudioVersion = 10.0.40219.1
Project("{8BC9CEB8-8B4A-11D0-8D11-00A0C91BC942}") = "HiGitHub", "HiGitHub\HiGitHub.vcxproj", "{F3CD5D34-2860-4A9B-9889-B1F454B45D9C}"
EndProject
Global
	GlobalSection(SolutionConfigurationPlatforms) = preSolution
		Debug|x64 = Debug|x64
		Debug|x86 = Debug|x86
		Release|x64 = Release|x64
		Release|x86 = Release|x86
	EndGlobalSection
	GlobalSection(ProjectConfigurationPlatforms) = postSolution
		{F3CD5D34-2860-4A9B-9889-B1F454B45D9C}.Debug|x64.ActiveCfg = Debug|x64
		{F3CD5D34-2860-4A9B-9889-B1F454B45D9C}.Debug|x64.Build.0 = Debug|x64
		{F3CD5D34-2860-4A9B-9889-B1F454B45D9C}.Debug|x86.ActiveCfg = Debug|Win32
		{F3CD5D34-2860-4A9B-9889-B1F454B45D9C}.Debug|x86.Build.0 = Debug|Win32
		{F3CD5D34-2860-4A9B-9889-B1F454B45D9C}.Release|x64.ActiveCfg = Release|x64
		{F3CD5D34-2860-4A9B-9889-B1F454B45D9C}.Release|x64.Build.0 = Release|x64
		{F3CD5D34-2860-4A9B-9889-B1F454B45D9C}.Release|x86.ActiveCfg = Release|Win32
		{F3CD5D34-2860-4A9B-9889-B1F454B45D9C}.Release|x86.Build.0 = Release|Win32
	EndGlobalSection
	GlobalSection(SolutionProperties) = preSolution
		HideSolutionNode = FALSE
	EndGlobalSection
	GlobalSection(ExtensibilityGlobals) = postSolution
		SolutionGuid = {12413482-723D-4132-9870-2159DDFFD83C}
	EndGlobalSection
EndGlobal
